
Microsoft Visual Studio Solution File, Format Version 12.00
# Visual Studio 15
VisualStudioVersion = 15.0.28307.421
MinimumVisualStudioVersion = 10.0.40219.1
Project("{FAE04EC0-301F-11D3-BF4B-00C04F79EFBC}") = "PetMatch.Android", "PetMatch\PetMatch.Android\PetMatch.Android.csproj", "{2B931DD3-6DA6-41D7-AFD6-73B0BD350484}"
EndProject
Project("{FAE04EC0-301F-11D3-BF4B-00C04F79EFBC}") = "PetMatch.iOS", "PetMatch\PetMatch.iOS\PetMatch.iOS.csproj", "{11385E5E-46D1-4D5F-AD23-098EAA631C73}"
EndProject
Project("{FAE04EC0-301F-11D3-BF4B-00C04F79EFBC}") = "PetMatch", "PetMatch\PetMatch\PetMatch.csproj", "{DD80B2B8-9004-4FEF-B09A-6D447AC60511}"
EndProject
Global
	GlobalSection(SolutionConfigurationPlatforms) = preSolution
		Ad-Hoc|Any CPU = Ad-Hoc|Any CPU
		Ad-Hoc|iPhone = Ad-Hoc|iPhone
		Ad-Hoc|iPhoneSimulator = Ad-Hoc|iPhoneSimulator
		AppStore|Any CPU = AppStore|Any CPU
		AppStore|iPhone = AppStore|iPhone
		AppStore|iPhoneSimulator = AppStore|iPhoneSimulator
		Debug|Any CPU = Debug|Any CPU
		Debug|iPhone = Debug|iPhone
		Debug|iPhoneSimulator = Debug|iPhoneSimulator
		Release|Any CPU = Release|Any CPU
		Release|iPhone = Release|iPhone
		Release|iPhoneSimulator = Release|iPhoneSimulator
	EndGlobalSection
	GlobalSection(ProjectConfigurationPlatforms) = postSolution
		{2B931DD3-6DA6-41D7-AFD6-73B0BD350484}.Ad-Hoc|Any CPU.ActiveCfg = Release|Any CPU
		{2B931DD3-6DA6-41D7-AFD6-73B0BD350484}.Ad-Hoc|Any CPU.Build.0 = Release|Any CPU
		{2B931DD3-6DA6-41D7-AFD6-73B0BD350484}.Ad-Hoc|Any CPU.Deploy.0 = Release|Any CPU
		{2B931DD3-6DA6-41D7-AFD6-73B0BD350484}.Ad-Hoc|iPhone.ActiveCfg = Release|Any CPU
		{2B931DD3-6DA6-41D7-AFD6-73B0BD350484}.Ad-Hoc|iPhone.Build.0 = Release|Any CPU
		{2B931DD3-6DA6-41D7-AFD6-73B0BD350484}.Ad-Hoc|iPhone.Deploy.0 = Release|Any CPU
		{2B931DD3-6DA6-41D7-AFD6-73B0BD350484}.Ad-Hoc|iPhoneSimulator.ActiveCfg = Release|Any CPU
		{2B931DD3-6DA6-41D7-AFD6-73B0BD350484}.Ad-Hoc|iPhoneSimulator.Build.0 = Release|Any CPU
		{2B931DD3-6DA6-41D7-AFD6-73B0BD350484}.Ad-Hoc|iPhoneSimulator.Deploy.0 = Release|Any CPU
		{2B931DD3-6DA6-41D7-AFD6-73B0BD350484}.AppStore|Any CPU.ActiveCfg = Release|Any CPU
		{2B931DD3-6DA6-41D7-AFD6-73B0BD350484}.AppStore|Any CPU.Build.0 = Release|Any CPU
		{2B931DD3-6DA6-41D7-AFD6-73B0BD350484}.AppStore|Any CPU.Deploy.0 = Release|Any CPU
		{2B931DD3-6DA6-41D7-AFD6-73B0BD350484}.AppStore|iPhone.ActiveCfg = Release|Any CPU
		{2B931DD3-6DA6-41D7-AFD6-73B0BD350484}.AppStore|iPhone.Build.0 = Release|Any CPU
		{2B931DD3-6DA6-41D7-AFD6-73B0BD350484}.AppStore|iPhone.Deploy.0 = Release|Any CPU
		{2B931DD3-6DA6-41D7-AFD6-73B0BD350484}.AppStore|iPhoneSimulator.ActiveCfg = Release|Any CPU
		{2B931DD3-6DA6-41D7-AFD6-73B0BD350484}.AppStore|iPhoneSimulator.Build.0 = Release|Any CPU
		{2B931DD3-6DA6-41D7-AFD6-73B0BD350484}.AppStore|iPhoneSimulator.Deploy.0 = Release|Any CPU
		{2B931DD3-6DA6-41D7-AFD6-73B0BD350484}.Debug|Any CPU.ActiveCfg = Debug|Any CPU
		{2B931DD3-6DA6-41D7-AFD6-73B0BD350484}.Debug|Any CPU.Build.0 = Debug|Any CPU
		{2B931DD3-6DA6-41D7-AFD6-73B0BD350484}.Debug|Any CPU.Deploy.0 = Debug|Any CPU
		{2B931DD3-6DA6-41D7-AFD6-73B0BD350484}.Debug|iPhone.ActiveCfg = Debug|Any CPU
		{2B931DD3-6DA6-41D7-AFD6-73B0BD350484}.Debug|iPhone.Build.0 = Debug|Any CPU
		{2B931DD3-6DA6-41D7-AFD6-73B0BD350484}.Debug|iPhone.Deploy.0 = Debug|Any CPU
		{2B931DD3-6DA6-41D7-AFD6-73B0BD350484}.Debug|iPhoneSimulator.ActiveCfg = Debug|Any CPU
		{2B931DD3-6DA6-41D7-AFD6-73B0BD350484}.Debug|iPhoneSimulator.Build.0 = Debug|Any CPU
		{2B931DD3-6DA6-41D7-AFD6-73B0BD350484}.Debug|iPhoneSimulator.Deploy.0 = Debug|Any CPU
		{2B931DD3-6DA6-41D7-AFD6-73B0BD350484}.Release|Any CPU.ActiveCfg = Release|Any CPU
		{2B931DD3-6DA6-41D7-AFD6-73B0BD350484}.Release|Any CPU.Build.0 = Release|Any CPU
		{2B931DD3-6DA6-41D7-AFD6-73B0BD350484}.Release|Any CPU.Deploy.0 = Release|Any CPU
		{2B931DD3-6DA6-41D7-AFD6-73B0BD350484}.Release|iPhone.ActiveCfg = Release|Any CPU
		{2B931DD3-6DA6-41D7-AFD6-73B0BD350484}.Release|iPhone.Build.0 = Release|Any CPU
		{2B931DD3-6DA6-41D7-AFD6-73B0BD350484}.Release|iPhone.Deploy.0 = Release|Any CPU
		{2B931DD3-6DA6-41D7-AFD6-73B0BD350484}.Release|iPhoneSimulator.ActiveCfg = Release|Any CPU
		{2B931DD3-6DA6-41D7-AFD6-73B0BD350484}.Release|iPhoneSimulator.Build.0 = Release|Any CPU
		{2B931DD3-6DA6-41D7-AFD6-73B0BD350484}.Release|iPhoneSimulator.Deploy.0 = Release|Any CPU
		{11385E5E-46D1-4D5F-AD23-098EAA631C73}.Ad-Hoc|Any CPU.ActiveCfg = Ad-Hoc|iPhone
		{11385E5E-46D1-4D5F-AD23-098EAA631C73}.Ad-Hoc|Any CPU.Build.0 = Ad-Hoc|iPhone
		{11385E5E-46D1-4D5F-AD23-098EAA631C73}.Ad-Hoc|Any CPU.Deploy.0 = Ad-Hoc|iPhone
		{11385E5E-46D1-4D5F-AD23-098EAA631C73}.Ad-Hoc|iPhone.ActiveCfg = Ad-Hoc|iPhone
		{11385E5E-46D1-4D5F-AD23-098EAA631C73}.Ad-Hoc|iPhone.Build.0 = Ad-Hoc|iPhone
		{11385E5E-46D1-4D5F-AD23-098EAA631C73}.Ad-Hoc|iPhone.Deploy.0 = Ad-Hoc|iPhone
		{11385E5E-46D1-4D5F-AD23-098EAA631C73}.Ad-Hoc|iPhoneSimulator.ActiveCfg = Ad-Hoc|iPhoneSimulator
		{11385E5E-46D1-4D5F-AD23-098EAA631C73}.Ad-Hoc|iPhoneSimulator.Build.0 = Ad-Hoc|iPhoneSimulator
		{11385E5E-46D1-4D5F-AD23-098EAA631C73}.Ad-Hoc|iPhoneSimulator.Deploy.0 = Ad-Hoc|iPhoneSimulator
		{11385E5E-46D1-4D5F-AD23-098EAA631C73}.AppStore|Any CPU.ActiveCfg = AppStore|iPhone
		{11385E5E-46D1-4D5F-AD23-098EAA631C73}.AppStore|Any CPU.Build.0 = AppStore|iPhone
		{11385E5E-46D1-4D5F-AD23-098EAA631C73}.AppStore|Any CPU.Deploy.0 = AppStore|iPhone
		{11385E5E-46D1-4D5F-AD23-098EAA631C73}.AppStore|iPhone.ActiveCfg = AppStore|iPhone
		{11385E5E-46D1-4D5F-AD23-098EAA631C73}.AppStore|iPhone.Build.0 = AppStore|iPhone
		{11385E5E-46D1-4D5F-AD23-098EAA631C73}.AppStore|iPhone.Deploy.0 = AppStore|iPhone
		{11385E5E-46D1-4D5F-AD23-098EAA631C73}.AppStore|iPhoneSimulator.ActiveCfg = AppStore|iPhoneSimulator
		{11385E5E-46D1-4D5F-AD23-098EAA631C73}.AppStore|iPhoneSimulator.Build.0 = AppStore|iPhoneSimulator
		{11385E5E-46D1-4D5F-AD23-098EAA631C73}.AppStore|iPhoneSimulator.Deploy.0 = AppStore|iPhoneSimulator
		{11385E5E-46D1-4D5F-AD23-098EAA631C73}.Debug|Any CPU.ActiveCfg = Debug|iPhoneSimulator
		{11385E5E-46D1-4D5F-AD23-098EAA631C73}.Debug|Any CPU.Build.0 = Debug|iPhoneSimulator
		{11385E5E-46D1-4D5F-AD23-098EAA631C73}.Debug|Any CPU.Deploy.0 = Debug|iPhoneSimulator
		{11385E5E-46D1-4D5F-AD23-098EAA631C73}.Debug|iPhone.ActiveCfg = Debug|iPhone
		{11385E5E-46D1-4D5F-AD23-098EAA631C73}.Debug|iPhone.Build.0 = Debug|iPhone
		{11385E5E-46D1-4D5F-AD23-098EAA631C73}.Debug|iPhone.Deploy.0 = Debug|iPhone
		{11385E5E-46D1-4D5F-AD23-098EAA631C73}.Debug|iPhoneSimulator.ActiveCfg = Debug|iPhoneSimulator
		{11385E5E-46D1-4D5F-AD23-098EAA631C73}.Debug|iPhoneSimulator.Build.0 = Debug|iPhoneSimulator
		{11385E5E-46D1-4D5F-AD23-098EAA631C73}.Debug|iPhoneSimulator.Deploy.0 = Debug|iPhoneSimulator
		{11385E5E-46D1-4D5F-AD23-098EAA631C73}.Release|Any CPU.ActiveCfg = Release|iPhone
		{11385E5E-46D1-4D5F-AD23-098EAA631C73}.Release|Any CPU.Build.0 = Release|iPhone
		{11385E5E-46D1-4D5F-AD23-098EAA631C73}.Release|Any CPU.Deploy.0 = Release|iPhone
		{11385E5E-46D1-4D5F-AD23-098EAA631C73}.Release|iPhone.ActiveCfg = Release|iPhone
		{11385E5E-46D1-4D5F-AD23-098EAA631C73}.Release|iPhone.Build.0 = Release|iPhone
		{11385E5E-46D1-4D5F-AD23-098EAA631C73}.Release|iPhone.Deploy.0 = Release|iPhone
		{11385E5E-46D1-4D5F-AD23-098EAA631C73}.Release|iPhoneSimulator.ActiveCfg = Release|iPhoneSimulator
		{11385E5E-46D1-4D5F-AD23-098EAA631C73}.Release|iPhoneSimulator.Build.0 = Release|iPhoneSimulator
		{11385E5E-46D1-4D5F-AD23-098EAA631C73}.Release|iPhoneSimulator.Deploy.0 = Release|iPhoneSimulator
		{DD80B2B8-9004-4FEF-B09A-6D447AC60511}.Ad-Hoc|Any CPU.ActiveCfg = Debug|Any CPU
		{DD80B2B8-9004-4FEF-B09A-6D447AC60511}.Ad-Hoc|Any CPU.Build.0 = Debug|Any CPU
		{DD80B2B8-9004-4FEF-B09A-6D447AC60511}.Ad-Hoc|Any CPU.Deploy.0 = Debug|Any CPU
		{DD80B2B8-9004-4FEF-B09A-6D447AC60511}.Ad-Hoc|iPhone.ActiveCfg = Debug|Any CPU
		{DD80B2B8-9004-4FEF-B09A-6D447AC60511}.Ad-Hoc|iPhone.Build.0 = Debug|Any CPU
		{DD80B2B8-9004-4FEF-B09A-6D447AC60511}.Ad-Hoc|iPhone.Deploy.0 = Debug|Any CPU
		{DD80B2B8-9004-4FEF-B09A-6D447AC60511}.Ad-Hoc|iPhoneSimulator.ActiveCfg = Debug|Any CPU
		{DD80B2B8-9004-4FEF-B09A-6D447AC60511}.Ad-Hoc|iPhoneSimulator.Build.0 = Debug|Any CPU
		{DD80B2B8-9004-4FEF-B09A-6D447AC60511}.Ad-Hoc|iPhoneSimulator.Deploy.0 = Debug|Any CPU
		{DD80B2B8-9004-4FEF-B09A-6D447AC60511}.AppStore|Any CPU.ActiveCfg = Debug|Any CPU
		{DD80B2B8-9004-4FEF-B09A-6D447AC60511}.AppStore|Any CPU.Build.0 = Debug|Any CPU
		{DD80B2B8-9004-4FEF-B09A-6D447AC60511}.AppStore|Any CPU.Deploy.0 = Debug|Any CPU
		{DD80B2B8-9004-4FEF-B09A-6D447AC60511}.AppStore|iPhone.ActiveCfg = Debug|Any CPU
		{DD80B2B8-9004-4FEF-B09A-6D447AC60511}.AppStore|iPhone.Build.0 = Debug|Any CPU
		{DD80B2B8-9004-4FEF-B09A-6D447AC60511}.AppStore|iPhone.Deploy.0 = Debug|Any CPU
		{DD80B2B8-9004-4FEF-B09A-6D447AC60511}.AppStore|iPhoneSimulator.ActiveCfg = Debug|Any CPU
		{DD80B2B8-9004-4FEF-B09A-6D447AC60511}.AppStore|iPhoneSimulator.Build.0 = Debug|Any CPU
		{DD80B2B8-9004-4FEF-B09A-6D447AC60511}.AppStore|iPhoneSimulator.Deploy.0 = Debug|Any CPU
		{DD80B2B8-9004-4FEF-B09A-6D447AC60511}.Debug|Any CPU.ActiveCfg = Debug|Any CPU
		{DD80B2B8-9004-4FEF-B09A-6D447AC60511}.Debug|Any CPU.Build.0 = Debug|Any CPU
		{DD80B2B8-9004-4FEF-B09A-6D447AC60511}.Debug|Any CPU.Deploy.0 = Debug|Any CPU
		{DD80B2B8-9004-4FEF-B09A-6D447AC60511}.Debug|iPhone.ActiveCfg = Debug|Any CPU
		{DD80B2B8-9004-4FEF-B09A-6D447AC60511}.Debug|iPhone.Build.0 = Debug|Any CPU
		{DD80B2B8-9004-4FEF-B09A-6D447AC60511}.Debug|iPhone.Deploy.0 = Debug|Any CPU
		{DD80B2B8-9004-4FEF-B09A-6D447AC60511}.Debug|iPhoneSimulator.ActiveCfg = Debug|Any CPU
		{DD80B2B8-9004-4FEF-B09A-6D447AC60511}.Debug|iPhoneSimulator.Build.0 = Debug|Any CPU
		{DD80B2B8-9004-4FEF-B09A-6D447AC60511}.Debug|iPhoneSimulator.Deploy.0 = Debug|Any CPU
		{DD80B2B8-9004-4FEF-B09A-6D447AC60511}.Release|Any CPU.ActiveCfg = Release|Any CPU
		{DD80B2B8-9004-4FEF-B09A-6D447AC60511}.Release|Any CPU.Build.0 = Release|Any CPU
		{DD80B2B8-9004-4FEF-B09A-6D447AC60511}.Release|Any CPU.Deploy.0 = Release|Any CPU
		{DD80B2B8-9004-4FEF-B09A-6D447AC60511}.Release|iPhone.ActiveCfg = Release|Any CPU
		{DD80B2B8-9004-4FEF-B09A-6D447AC60511}.Release|iPhone.Build.0 = Release|Any CPU
		{DD80B2B8-9004-4FEF-B09A-6D447AC60511}.Release|iPhone.Deploy.0 = Release|Any CPU
		{DD80B2B8-9004-4FEF-B09A-6D447AC60511}.Release|iPhoneSimulator.ActiveCfg = Release|Any CPU
		{DD80B2B8-9004-4FEF-B09A-6D447AC60511}.Release|iPhoneSimulator.Build.0 = Release|Any CPU
		{DD80B2B8-9004-4FEF-B09A-6D447AC60511}.Release|iPhoneSimulator.Deploy.0 = Release|Any CPU
	EndGlobalSection
	GlobalSection(SolutionProperties) = preSolution
		HideSolutionNode = FALSE
	EndGlobalSection
	GlobalSection(ExtensibilityGlobals) = postSolution
		SolutionGuid = {D799DD14-D56D-4188-BBE9-1FF5BFD0B48D}
	EndGlobalSection
EndGlobal
